<?xml version="1.0" encoding="utf-8"?>
<Project ToolsVersion="17.0" xmlns="http://schemas.microsoft.com/developer/msbuild/2003">
  <ItemGroup>
    <CustomBuild Include="C:\OMT AC031 Womack remarkable carmack oculus master quest half-life 3 gabecube\atomOS_ASA_Addendum_Tom_Klootwijk_v3.0\atomOS_ASA_v3\b128\CMakeFiles\87b9c33d5c772cef571c7952949c4945\generate.stamp.rule">
      <Filter>CMake Rules</Filter>
    </CustomBuild>
  </ItemGroup>
  <ItemGroup>
    <Filter Include="CMake Rules">
      <UniqueIdentifier>{CFE451F2-F567-3166-8E83-C57382C53B62}</UniqueIdentifier>
    </Filter>
  </ItemGroup>
</Project>
